
Microsoft Visual Studio Solution File, Format Version 12.00
# Visual Studio Version 16
VisualStudioVersion = 16.0.30711.63
MinimumVisualStudioVersion = 10.0.40219.1
Project("{9A19103F-16F7-4668-BE54-9A1E7A4F7556}") = "SpaceTrouble", "SpaceTrouble\SpaceTrouble.csproj", "{1C876721-257F-469A-96A9-1CF0ADFD00AE}"
EndProject
Global
	GlobalSection(SolutionConfigurationPlatforms) = preSolution
		Debug|Any CPU = Debug|Any CPU
		Debug|x64 = Debug|x64
		Release|Any CPU = Release|Any CPU
		Release|x64 = Release|x64
	EndGlobalSection
	GlobalSection(ProjectConfigurationPlatforms) = postSolution
		{1C876721-257F-469A-96A9-1CF0ADFD00AE}.Debug|Any CPU.ActiveCfg = Debug|Any CPU
		{1C876721-257F-469A-96A9-1CF0ADFD00AE}.Debug|Any CPU.Build.0 = Debug|Any CPU
		{1C876721-257F-469A-96A9-1CF0ADFD00AE}.Debug|x64.ActiveCfg = Debug|x64
		{1C876721-257F-469A-96A9-1CF0ADFD00AE}.Debug|x64.Build.0 = Debug|x64
		{1C876721-257F-469A-96A9-1CF0ADFD00AE}.Release|Any CPU.ActiveCfg = Release|Any CPU
		{1C876721-257F-469A-96A9-1CF0ADFD00AE}.Release|Any CPU.Build.0 = Release|Any CPU
		{1C876721-257F-469A-96A9-1CF0ADFD00AE}.Release|x64.ActiveCfg = Release|x64
		{1C876721-257F-469A-96A9-1CF0ADFD00AE}.Release|x64.Build.0 = Release|x64
	EndGlobalSection
	GlobalSection(SolutionProperties) = preSolution
		HideSolutionNode = FALSE
	EndGlobalSection
	GlobalSection(ExtensibilityGlobals) = postSolution
		SolutionGuid = {49C21B46-D1D3-4CF0-96D5-475721E25DE4}
	EndGlobalSection
EndGlobal
